// !$*UTF8*$!
{
	archiveVersion = 1;
	classes = {
	};
	objectVersion = 55;
	objects = {

/* Begin PBXBuildFile section */
		B81341DE283CCE7D004BCEDC /* CreditCell.swift in Sources */ = {isa = PBXBuildFile; fileRef = B81341DD283CCE7D004BCEDC /* CreditCell.swift */; };
		B81341E0283CCE8D004BCEDC /* CreditCellViewModel.swift in Sources */ = {isa = PBXBuildFile; fileRef = B81341DF283CCE8D004BCEDC /* CreditCellViewModel.swift */; };
		B81341E4283CFCE2004BCEDC /* BaseCollectionViewCell.swift in Sources */ = {isa = PBXBuildFile; fileRef = B81341E3283CFCE2004BCEDC /* BaseCollectionViewCell.swift */; };
		B817F918282CD47100957949 /* CustomTabBar.swift in Sources */ = {isa = PBXBuildFile; fileRef = B817F917282CD47100957949 /* CustomTabBar.swift */; };
		B817F91C282CEF2100957949 /* TabBarController.swift in Sources */ = {isa = PBXBuildFile; fileRef = B817F91B282CEF2100957949 /* TabBarController.swift */; };
		B817F922282D23EC00957949 /* FavouritesViewController.swift in Sources */ = {isa = PBXBuildFile; fileRef = B817F921282D23EC00957949 /* FavouritesViewController.swift */; };
		B817F924282D241100957949 /* SearchViewController.swift in Sources */ = {isa = PBXBuildFile; fileRef = B817F923282D241100957949 /* SearchViewController.swift */; };
		B817F927282D38FB00957949 /* UIView+Additions.swift in Sources */ = {isa = PBXBuildFile; fileRef = B817F926282D38FB00957949 /* UIView+Additions.swift */; };
		B817F929282D392600957949 /* UIStackView+Additions.swift in Sources */ = {isa = PBXBuildFile; fileRef = B817F928282D392600957949 /* UIStackView+Additions.swift */; };
		B817F92B282D3FBD00957949 /* TabBarButton.swift in Sources */ = {isa = PBXBuildFile; fileRef = B817F92A282D3FBD00957949 /* TabBarButton.swift */; };
		B817F933282D683C00957949 /* MovieCell.swift in Sources */ = {isa = PBXBuildFile; fileRef = B817F932282D683C00957949 /* MovieCell.swift */; };
		B817F937282E294C00957949 /* MainPresenter.swift in Sources */ = {isa = PBXBuildFile; fileRef = B817F936282E294C00957949 /* MainPresenter.swift */; };
		B817F939282E2A4100957949 /* MainInteractor.swift in Sources */ = {isa = PBXBuildFile; fileRef = B817F938282E2A4100957949 /* MainInteractor.swift */; };
		B817F93B282E580A00957949 /* Configurator.swift in Sources */ = {isa = PBXBuildFile; fileRef = B817F93A282E580A00957949 /* Configurator.swift */; };
		B817F93D282E6EEF00957949 /* TV.swift in Sources */ = {isa = PBXBuildFile; fileRef = B817F93C282E6EEF00957949 /* TV.swift */; };
		B817F93F282E7DB700957949 /* Movie.swift in Sources */ = {isa = PBXBuildFile; fileRef = B817F93E282E7DB700957949 /* Movie.swift */; };
		B817F943282E8FDF00957949 /* UImageView+Additions.swift in Sources */ = {isa = PBXBuildFile; fileRef = B817F942282E8FDF00957949 /* UImageView+Additions.swift */; };
		B8727BC82834ECC700FE7B37 /* DetailViewController.swift in Sources */ = {isa = PBXBuildFile; fileRef = B8727BC72834ECC700FE7B37 /* DetailViewController.swift */; };
		B8727BCA2834ED1B00FE7B37 /* DetilPresenter.swift in Sources */ = {isa = PBXBuildFile; fileRef = B8727BC92834ED1B00FE7B37 /* DetilPresenter.swift */; };
		B8727BCC2834ED2A00FE7B37 /* DetailInteractor.swift in Sources */ = {isa = PBXBuildFile; fileRef = B8727BCB2834ED2A00FE7B37 /* DetailInteractor.swift */; };
		B8727BCE28351DF900FE7B37 /* Router.swift in Sources */ = {isa = PBXBuildFile; fileRef = B8727BCD28351DF900FE7B37 /* Router.swift */; };
		B88CC169283059780058168C /* MovieSectionViewModel.swift in Sources */ = {isa = PBXBuildFile; fileRef = B88CC168283059780058168C /* MovieSectionViewModel.swift */; };
		B88CC16E2832336D0058168C /* TVPresenter.swift in Sources */ = {isa = PBXBuildFile; fileRef = B88CC16D2832336D0058168C /* TVPresenter.swift */; };
		B88CC1702832337A0058168C /* TVInteractor.swift in Sources */ = {isa = PBXBuildFile; fileRef = B88CC16F2832337A0058168C /* TVInteractor.swift */; };
		B8BD2941283B640100DE3235 /* SeasonCell.swift in Sources */ = {isa = PBXBuildFile; fileRef = B8BD2940283B640100DE3235 /* SeasonCell.swift */; };
		B8BD2943283B64AF00DE3235 /* SeasonCellViewModel.swift in Sources */ = {isa = PBXBuildFile; fileRef = B8BD2942283B64AF00DE3235 /* SeasonCellViewModel.swift */; };
		B8BD2946283B987400DE3235 /* EpisodeCell.swift in Sources */ = {isa = PBXBuildFile; fileRef = B8BD2945283B987400DE3235 /* EpisodeCell.swift */; };
		B8BD2948283B988700DE3235 /* EpisodeCellViewModel.swift in Sources */ = {isa = PBXBuildFile; fileRef = B8BD2947283B988700DE3235 /* EpisodeCellViewModel.swift */; };
		B8C80A8C282F9AD6001F0591 /* MovieCellViewModel.swift in Sources */ = {isa = PBXBuildFile; fileRef = B8C80A8B282F9AD6001F0591 /* MovieCellViewModel.swift */; };
		B8C80A8E282FD92E001F0591 /* MovieBigCell.swift in Sources */ = {isa = PBXBuildFile; fileRef = B8C80A8D282FD92E001F0591 /* MovieBigCell.swift */; };
		B8C80A9528303BFF001F0591 /* MovieCollectionSection.swift in Sources */ = {isa = PBXBuildFile; fileRef = B8C80A9428303BFF001F0591 /* MovieCollectionSection.swift */; };
		B8C80A9728303DAC001F0591 /* UICollectionView+Additions.swift in Sources */ = {isa = PBXBuildFile; fileRef = B8C80A9628303DAC001F0591 /* UICollectionView+Additions.swift */; };
		B8C80A9928303E3C001F0591 /* BaseViewController.swift in Sources */ = {isa = PBXBuildFile; fileRef = B8C80A9828303E3C001F0591 /* BaseViewController.swift */; };
		B8C80A9C283045B9001F0591 /* MoviePresenter.swift in Sources */ = {isa = PBXBuildFile; fileRef = B8C80A9B283045B9001F0591 /* MoviePresenter.swift */; };
		B8C80A9E283045CC001F0591 /* MovieInteractor.swift in Sources */ = {isa = PBXBuildFile; fileRef = B8C80A9D283045CC001F0591 /* MovieInteractor.swift */; };
		B8D94A272844EF4300CD22D6 /* DataManager.swift in Sources */ = {isa = PBXBuildFile; fileRef = B8D94A262844EF4300CD22D6 /* DataManager.swift */; };
		B8D94A292845F51100CD22D6 /* Box.swift in Sources */ = {isa = PBXBuildFile; fileRef = B8D94A282845F51100CD22D6 /* Box.swift */; };
		B8DF80632838E0680094011F /* ImageCell.swift in Sources */ = {isa = PBXBuildFile; fileRef = B8DF80622838E0680094011F /* ImageCell.swift */; };
		B8DF80652838E07D0094011F /* ImageCellViewModel.swift in Sources */ = {isa = PBXBuildFile; fileRef = B8DF80642838E07D0094011F /* ImageCellViewModel.swift */; };
		B8EA959B282B91840063C7DE /* AppDelegate.swift in Sources */ = {isa = PBXBuildFile; fileRef = B8EA959A282B91840063C7DE /* AppDelegate.swift */; };
		B8EA959D282B91840063C7DE /* SceneDelegate.swift in Sources */ = {isa = PBXBuildFile; fileRef = B8EA959C282B91840063C7DE /* SceneDelegate.swift */; };
		B8EA959F282B91840063C7DE /* MainViewController.swift in Sources */ = {isa = PBXBuildFile; fileRef = B8EA959E282B91840063C7DE /* MainViewController.swift */; };
		B8EA95A4282B91870063C7DE /* Assets.xcassets in Resources */ = {isa = PBXBuildFile; fileRef = B8EA95A3282B91870063C7DE /* Assets.xcassets */; };
		B8EA95A7282B91870063C7DE /* LaunchScreen.storyboard in Resources */ = {isa = PBXBuildFile; fileRef = B8EA95A5282B91870063C7DE /* LaunchScreen.storyboard */; };
		B8EA95B0282B91AA0063C7DE /* Film.swift in Sources */ = {isa = PBXBuildFile; fileRef = B8EA95AF282B91AA0063C7DE /* Film.swift */; };
		B8EA95B3282B92190063C7DE /* NetworkManager.swift in Sources */ = {isa = PBXBuildFile; fileRef = B8EA95B2282B92190063C7DE /* NetworkManager.swift */; };
/* End PBXBuildFile section */

/* Begin PBXFileReference section */
		B81341DD283CCE7D004BCEDC /* CreditCell.swift */ = {isa = PBXFileReference; lastKnownFileType = sourcecode.swift; path = CreditCell.swift; sourceTree = "<group>"; };
		B81341DF283CCE8D004BCEDC /* CreditCellViewModel.swift */ = {isa = PBXFileReference; lastKnownFileType = sourcecode.swift; path = CreditCellViewModel.swift; sourceTree = "<group>"; };
		B81341E3283CFCE2004BCEDC /* BaseCollectionViewCell.swift */ = {isa = PBXFileReference; lastKnownFileType = sourcecode.swift; path = BaseCollectionViewCell.swift; sourceTree = "<group>"; };
		B817F917282CD47100957949 /* CustomTabBar.swift */ = {isa = PBXFileReference; lastKnownFileType = sourcecode.swift; path = CustomTabBar.swift; sourceTree = "<group>"; };
		B817F91B282CEF2100957949 /* TabBarController.swift */ = {isa = PBXFileReference; lastKnownFileType = sourcecode.swift; path = TabBarController.swift; sourceTree = "<group>"; };
		B817F921282D23EC00957949 /* FavouritesViewController.swift */ = {isa = PBXFileReference; lastKnownFileType = sourcecode.swift; path = FavouritesViewController.swift; sourceTree = "<group>"; };
		B817F923282D241100957949 /* SearchViewController.swift */ = {isa = PBXFileReference; lastKnownFileType = sourcecode.swift; path = SearchViewController.swift; sourceTree = "<group>"; };
		B817F926282D38FB00957949 /* UIView+Additions.swift */ = {isa = PBXFileReference; lastKnownFileType = sourcecode.swift; path = "UIView+Additions.swift"; sourceTree = "<group>"; };
		B817F928282D392600957949 /* UIStackView+Additions.swift */ = {isa = PBXFileReference; lastKnownFileType = sourcecode.swift; path = "UIStackView+Additions.swift"; sourceTree = "<group>"; };
		B817F92A282D3FBD00957949 /* TabBarButton.swift */ = {isa = PBXFileReference; lastKnownFileType = sourcecode.swift; path = TabBarButton.swift; sourceTree = "<group>"; };
		B817F932282D683C00957949 /* MovieCell.swift */ = {isa = PBXFileReference; lastKnownFileType = sourcecode.swift; path = MovieCell.swift; sourceTree = "<group>"; };
		B817F936282E294C00957949 /* MainPresenter.swift */ = {isa = PBXFileReference; lastKnownFileType = sourcecode.swift; path = MainPresenter.swift; sourceTree = "<group>"; };
		B817F938282E2A4100957949 /* MainInteractor.swift */ = {isa = PBXFileReference; lastKnownFileType = sourcecode.swift; path = MainInteractor.swift; sourceTree = "<group>"; };
		B817F93A282E580A00957949 /* Configurator.swift */ = {isa = PBXFileReference; lastKnownFileType = sourcecode.swift; path = Configurator.swift; sourceTree = "<group>"; };
		B817F93C282E6EEF00957949 /* TV.swift */ = {isa = PBXFileReference; lastKnownFileType = sourcecode.swift; path = TV.swift; sourceTree = "<group>"; };
		B817F93E282E7DB700957949 /* Movie.swift */ = {isa = PBXFileReference; lastKnownFileType = sourcecode.swift; path = Movie.swift; sourceTree = "<group>"; };
		B817F942282E8FDF00957949 /* UImageView+Additions.swift */ = {isa = PBXFileReference; lastKnownFileType = sourcecode.swift; path = "UImageView+Additions.swift"; sourceTree = "<group>"; };
		B8727BC72834ECC700FE7B37 /* DetailViewController.swift */ = {isa = PBXFileReference; lastKnownFileType = sourcecode.swift; path = DetailViewController.swift; sourceTree = "<group>"; };
		B8727BC92834ED1B00FE7B37 /* DetilPresenter.swift */ = {isa = PBXFileReference; lastKnownFileType = sourcecode.swift; path = DetilPresenter.swift; sourceTree = "<group>"; };
		B8727BCB2834ED2A00FE7B37 /* DetailInteractor.swift */ = {isa = PBXFileReference; lastKnownFileType = sourcecode.swift; path = DetailInteractor.swift; sourceTree = "<group>"; };
		B8727BCD28351DF900FE7B37 /* Router.swift */ = {isa = PBXFileReference; lastKnownFileType = sourcecode.swift; path = Router.swift; sourceTree = "<group>"; };
		B88CC168283059780058168C /* MovieSectionViewModel.swift */ = {isa = PBXFileReference; lastKnownFileType = sourcecode.swift; path = MovieSectionViewModel.swift; sourceTree = "<group>"; };
		B88CC16D2832336D0058168C /* TVPresenter.swift */ = {isa = PBXFileReference; lastKnownFileType = sourcecode.swift; path = TVPresenter.swift; sourceTree = "<group>"; };
		B88CC16F2832337A0058168C /* TVInteractor.swift */ = {isa = PBXFileReference; lastKnownFileType = sourcecode.swift; path = TVInteractor.swift; sourceTree = "<group>"; };
		B8BD2940283B640100DE3235 /* SeasonCell.swift */ = {isa = PBXFileReference; lastKnownFileType = sourcecode.swift; path = SeasonCell.swift; sourceTree = "<group>"; };
		B8BD2942283B64AF00DE3235 /* SeasonCellViewModel.swift */ = {isa = PBXFileReference; lastKnownFileType = sourcecode.swift; path = SeasonCellViewModel.swift; sourceTree = "<group>"; };
		B8BD2945283B987400DE3235 /* EpisodeCell.swift */ = {isa = PBXFileReference; lastKnownFileType = sourcecode.swift; path = EpisodeCell.swift; sourceTree = "<group>"; };
		B8BD2947283B988700DE3235 /* EpisodeCellViewModel.swift */ = {isa = PBXFileReference; lastKnownFileType = sourcecode.swift; path = EpisodeCellViewModel.swift; sourceTree = "<group>"; };
		B8C80A8B282F9AD6001F0591 /* MovieCellViewModel.swift */ = {isa = PBXFileReference; lastKnownFileType = sourcecode.swift; path = MovieCellViewModel.swift; sourceTree = "<group>"; };
		B8C80A8D282FD92E001F0591 /* MovieBigCell.swift */ = {isa = PBXFileReference; lastKnownFileType = sourcecode.swift; path = MovieBigCell.swift; sourceTree = "<group>"; };
		B8C80A9428303BFF001F0591 /* MovieCollectionSection.swift */ = {isa = PBXFileReference; lastKnownFileType = sourcecode.swift; path = MovieCollectionSection.swift; sourceTree = "<group>"; };
		B8C80A9628303DAC001F0591 /* UICollectionView+Additions.swift */ = {isa = PBXFileReference; lastKnownFileType = sourcecode.swift; path = "UICollectionView+Additions.swift"; sourceTree = "<group>"; };
		B8C80A9828303E3C001F0591 /* BaseViewController.swift */ = {isa = PBXFileReference; lastKnownFileType = sourcecode.swift; path = BaseViewController.swift; sourceTree = "<group>"; };
		B8C80A9B283045B9001F0591 /* MoviePresenter.swift */ = {isa = PBXFileReference; lastKnownFileType = sourcecode.swift; path = MoviePresenter.swift; sourceTree = "<group>"; };
		B8C80A9D283045CC001F0591 /* MovieInteractor.swift */ = {isa = PBXFileReference; lastKnownFileType = sourcecode.swift; path = MovieInteractor.swift; sourceTree = "<group>"; };
		B8D94A262844EF4300CD22D6 /* DataManager.swift */ = {isa = PBXFileReference; lastKnownFileType = sourcecode.swift; path = DataManager.swift; sourceTree = "<group>"; };
		B8D94A282845F51100CD22D6 /* Box.swift */ = {isa = PBXFileReference; lastKnownFileType = sourcecode.swift; path = Box.swift; sourceTree = "<group>"; };
		B8DF80622838E0680094011F /* ImageCell.swift */ = {isa = PBXFileReference; lastKnownFileType = sourcecode.swift; path = ImageCell.swift; sourceTree = "<group>"; };
		B8DF80642838E07D0094011F /* ImageCellViewModel.swift */ = {isa = PBXFileReference; lastKnownFileType = sourcecode.swift; path = ImageCellViewModel.swift; sourceTree = "<group>"; };
		B8EA9597282B91840063C7DE /* MoveApp.app */ = {isa = PBXFileReference; explicitFileType = wrapper.application; includeInIndex = 0; path = MoveApp.app; sourceTree = BUILT_PRODUCTS_DIR; };
		B8EA959A282B91840063C7DE /* AppDelegate.swift */ = {isa = PBXFileReference; lastKnownFileType = sourcecode.swift; path = AppDelegate.swift; sourceTree = "<group>"; };
		B8EA959C282B91840063C7DE /* SceneDelegate.swift */ = {isa = PBXFileReference; lastKnownFileType = sourcecode.swift; path = SceneDelegate.swift; sourceTree = "<group>"; };
		B8EA959E282B91840063C7DE /* MainViewController.swift */ = {isa = PBXFileReference; lastKnownFileType = sourcecode.swift; path = MainViewController.swift; sourceTree = "<group>"; };
		B8EA95A3282B91870063C7DE /* Assets.xcassets */ = {isa = PBXFileReference; lastKnownFileType = folder.assetcatalog; path = Assets.xcassets; sourceTree = "<group>"; };
		B8EA95A6282B91870063C7DE /* Base */ = {isa = PBXFileReference; lastKnownFileType = file.storyboard; name = Base; path = Base.lproj/LaunchScreen.storyboard; sourceTree = "<group>"; };
		B8EA95A8282B91870063C7DE /* Info.plist */ = {isa = PBXFileReference; lastKnownFileType = text.plist.xml; path = Info.plist; sourceTree = "<group>"; };
		B8EA95AF282B91AA0063C7DE /* Film.swift */ = {isa = PBXFileReference; lastKnownFileType = sourcecode.swift; path = Film.swift; sourceTree = "<group>"; };
		B8EA95B2282B92190063C7DE /* NetworkManager.swift */ = {isa = PBXFileReference; lastKnownFileType = sourcecode.swift; path = NetworkManager.swift; sourceTree = "<group>"; };
/* End PBXFileReference section */

/* Begin PBXFrameworksBuildPhase section */
		B8EA9594282B91840063C7DE /* Frameworks */ = {
			isa = PBXFrameworksBuildPhase;
			buildActionMask = 2147483647;
			files = (
			);
			runOnlyForDeploymentPostprocessing = 0;
		};
/* End PBXFrameworksBuildPhase section */

/* Begin PBXGroup section */
		B81341DC283CCE5E004BCEDC /* CreditsCollectionView */ = {
			isa = PBXGroup;
			children = (
				B81341DD283CCE7D004BCEDC /* CreditCell.swift */,
				B81341DF283CCE8D004BCEDC /* CreditCellViewModel.swift */,
			);
			path = CreditsCollectionView;
			sourceTree = "<group>";
		};
		B817F914282CD2A400957949 /* TabBar */ = {
			isa = PBXGroup;
			children = (
				B817F91B282CEF2100957949 /* TabBarController.swift */,
				B817F917282CD47100957949 /* CustomTabBar.swift */,
				B817F92A282D3FBD00957949 /* TabBarButton.swift */,
			);
			path = TabBar;
			sourceTree = "<group>";
		};
		B817F925282D38C800957949 /* Extensions */ = {
			isa = PBXGroup;
			children = (
				B817F926282D38FB00957949 /* UIView+Additions.swift */,
				B817F928282D392600957949 /* UIStackView+Additions.swift */,
				B817F942282E8FDF00957949 /* UImageView+Additions.swift */,
				B8C80A9628303DAC001F0591 /* UICollectionView+Additions.swift */,
			);
			path = Extensions;
			sourceTree = "<group>";
		};
		B817F92E282D41D300957949 /* MainScene */ = {
			isa = PBXGroup;
			children = (
				B8EA959E282B91840063C7DE /* MainViewController.swift */,
				B817F936282E294C00957949 /* MainPresenter.swift */,
				B817F938282E2A4100957949 /* MainInteractor.swift */,
			);
			path = MainScene;
			sourceTree = "<group>";
		};
		B817F931282D681300957949 /* MovieCell */ = {
			isa = PBXGroup;
			children = (
				B817F932282D683C00957949 /* MovieCell.swift */,
				B8C80A8D282FD92E001F0591 /* MovieBigCell.swift */,
				B8C80A8B282F9AD6001F0591 /* MovieCellViewModel.swift */,
			);
			path = MovieCell;
			sourceTree = "<group>";
		};
		B8727BC62834ECA600FE7B37 /* DetailScene */ = {
			isa = PBXGroup;
			children = (
				B81341DC283CCE5E004BCEDC /* CreditsCollectionView */,
				B8DF80612838E0340094011F /* ImageCollectionView */,
				B8BD293F283B63C000DE3235 /* SeasonsCollectionView */,
				B8BD2944283B983A00DE3235 /* EpisodeCollectionView */,
				B8727BC72834ECC700FE7B37 /* DetailViewController.swift */,
				B8727BC92834ED1B00FE7B37 /* DetilPresenter.swift */,
				B8727BCB2834ED2A00FE7B37 /* DetailInteractor.swift */,
			);
			path = DetailScene;
			sourceTree = "<group>";
		};
		B88CC16C283233420058168C /* TVScene */ = {
			isa = PBXGroup;
			children = (
				B88CC16D2832336D0058168C /* TVPresenter.swift */,
				B88CC16F2832337A0058168C /* TVInteractor.swift */,
			);
			path = TVScene;
			sourceTree = "<group>";
		};
		B8BD293F283B63C000DE3235 /* SeasonsCollectionView */ = {
			isa = PBXGroup;
			children = (
				B8BD2940283B640100DE3235 /* SeasonCell.swift */,
				B8BD2942283B64AF00DE3235 /* SeasonCellViewModel.swift */,
			);
			path = SeasonsCollectionView;
			sourceTree = "<group>";
		};
		B8BD2944283B983A00DE3235 /* EpisodeCollectionView */ = {
			isa = PBXGroup;
			children = (
				B8BD2945283B987400DE3235 /* EpisodeCell.swift */,
				B8BD2947283B988700DE3235 /* EpisodeCellViewModel.swift */,
			);
			path = EpisodeCollectionView;
			sourceTree = "<group>";
		};
		B8C80A902830300E001F0591 /* Helpers */ = {
			isa = PBXGroup;
			children = (
				B817F93A282E580A00957949 /* Configurator.swift */,
				B8727BCD28351DF900FE7B37 /* Router.swift */,
				B8D94A282845F51100CD22D6 /* Box.swift */,
			);
			path = Helpers;
			sourceTree = "<group>";
		};
		B8C80A9128303A44001F0591 /* BaseViews */ = {
			isa = PBXGroup;
			children = (
				B8C80A9F283058EF001F0591 /* MovieSections */,
				B817F931282D681300957949 /* MovieCell */,
				B8C80A9828303E3C001F0591 /* BaseViewController.swift */,
				B81341E3283CFCE2004BCEDC /* BaseCollectionViewCell.swift */,
			);
			path = BaseViews;
			sourceTree = "<group>";
		};
		B8C80A9A28303FDE001F0591 /* MovieScene */ = {
			isa = PBXGroup;
			children = (
				B8C80A9B283045B9001F0591 /* MoviePresenter.swift */,
				B8C80A9D283045CC001F0591 /* MovieInteractor.swift */,
			);
			path = MovieScene;
			sourceTree = "<group>";
		};
		B8C80A9F283058EF001F0591 /* MovieSections */ = {
			isa = PBXGroup;
			children = (
				B88CC168283059780058168C /* MovieSectionViewModel.swift */,
				B8C80A9428303BFF001F0591 /* MovieCollectionSection.swift */,
			);
			path = MovieSections;
			sourceTree = "<group>";
		};
		B8DF805C2838D72A0094011F /* SupportingFiles */ = {
			isa = PBXGroup;
			children = (
				B8EA959A282B91840063C7DE /* AppDelegate.swift */,
				B8EA959C282B91840063C7DE /* SceneDelegate.swift */,
				B8EA95A8282B91870063C7DE /* Info.plist */,
			);
			path = SupportingFiles;
			sourceTree = "<group>";
		};
		B8DF805D2838D7580094011F /* FavouritesScene */ = {
			isa = PBXGroup;
			children = (
				B817F921282D23EC00957949 /* FavouritesViewController.swift */,
			);
			path = FavouritesScene;
			sourceTree = "<group>";
		};
		B8DF805E2838D76D0094011F /* SearchScene */ = {
			isa = PBXGroup;
			children = (
				B817F923282D241100957949 /* SearchViewController.swift */,
			);
			path = SearchScene;
			sourceTree = "<group>";
		};
		B8DF805F2838D7890094011F /* Resources */ = {
			isa = PBXGroup;
			children = (
				B8EA95A3282B91870063C7DE /* Assets.xcassets */,
			);
			path = Resources;
			sourceTree = "<group>";
		};
		B8DF80602838D79C0094011F /* Storyboards */ = {
			isa = PBXGroup;
			children = (
				B8EA95A5282B91870063C7DE /* LaunchScreen.storyboard */,
			);
			path = Storyboards;
			sourceTree = "<group>";
		};
		B8DF80612838E0340094011F /* ImageCollectionView */ = {
			isa = PBXGroup;
			children = (
				B8DF80622838E0680094011F /* ImageCell.swift */,
				B8DF80642838E07D0094011F /* ImageCellViewModel.swift */,
			);
			path = ImageCollectionView;
			sourceTree = "<group>";
		};
		B8EA958E282B91840063C7DE = {
			isa = PBXGroup;
			children = (
				B8EA9599282B91840063C7DE /* MoveApp */,
				B8EA9598282B91840063C7DE /* Products */,
			);
			sourceTree = "<group>";
		};
		B8EA9598282B91840063C7DE /* Products */ = {
			isa = PBXGroup;
			children = (
				B8EA9597282B91840063C7DE /* MoveApp.app */,
			);
			name = Products;
			sourceTree = "<group>";
		};
		B8EA9599282B91840063C7DE /* MoveApp */ = {
			isa = PBXGroup;
			children = (
				B817F925282D38C800957949 /* Extensions */,
				B8EA95B1282B92000063C7DE /* Services */,
				B8EA95AE282B91970063C7DE /* Models */,
				B817F914282CD2A400957949 /* TabBar */,
				B817F92E282D41D300957949 /* MainScene */,
				B8C80A9A28303FDE001F0591 /* MovieScene */,
				B88CC16C283233420058168C /* TVScene */,
				B8727BC62834ECA600FE7B37 /* DetailScene */,
				B8DF805D2838D7580094011F /* FavouritesScene */,
				B8DF805E2838D76D0094011F /* SearchScene */,
				B8C80A9128303A44001F0591 /* BaseViews */,
				B8DF805C2838D72A0094011F /* SupportingFiles */,
				B8C80A902830300E001F0591 /* Helpers */,
				B8DF805F2838D7890094011F /* Resources */,
				B8DF80602838D79C0094011F /* Storyboards */,
			);
			path = MoveApp;
			sourceTree = "<group>";
		};
		B8EA95AE282B91970063C7DE /* Models */ = {
			isa = PBXGroup;
			children = (
				B817F93E282E7DB700957949 /* Movie.swift */,
				B8EA95AF282B91AA0063C7DE /* Film.swift */,
				B817F93C282E6EEF00957949 /* TV.swift */,
			);
			path = Models;
			sourceTree = "<group>";
		};
		B8EA95B1282B92000063C7DE /* Services */ = {
			isa = PBXGroup;
			children = (
				B8EA95B2282B92190063C7DE /* NetworkManager.swift */,
				B8D94A262844EF4300CD22D6 /* DataManager.swift */,
			);
			path = Services;
			sourceTree = "<group>";
		};
/* End PBXGroup section */

/* Begin PBXNativeTarget section */
		B8EA9596282B91840063C7DE /* MoveApp */ = {
			isa = PBXNativeTarget;
			buildConfigurationList = B8EA95AB282B91870063C7DE /* Build configuration list for PBXNativeTarget "MoveApp" */;
			buildPhases = (
				B8EA9593282B91840063C7DE /* Sources */,
				B8EA9594282B91840063C7DE /* Frameworks */,
				B8EA9595282B91840063C7DE /* Resources */,
			);
			buildRules = (
			);
			dependencies = (
			);
			name = MoveApp;
			productName = MoveApp;
			productReference = B8EA9597282B91840063C7DE /* MoveApp.app */;
			productType = "com.apple.product-type.application";
		};
/* End PBXNativeTarget section */

/* Begin PBXProject section */
		B8EA958F282B91840063C7DE /* Project object */ = {
			isa = PBXProject;
			attributes = {
				BuildIndependentTargetsInParallel = 1;
				LastSwiftUpdateCheck = 1330;
				LastUpgradeCheck = 1330;
				TargetAttributes = {
					B8EA9596282B91840063C7DE = {
						CreatedOnToolsVersion = 13.3.1;
					};
				};
			};
			buildConfigurationList = B8EA9592282B91840063C7DE /* Build configuration list for PBXProject "MoveApp" */;
			compatibilityVersion = "Xcode 13.0";
			developmentRegion = en;
			hasScannedForEncodings = 0;
			knownRegions = (
				en,
				Base,
			);
			mainGroup = B8EA958E282B91840063C7DE;
			productRefGroup = B8EA9598282B91840063C7DE /* Products */;
			projectDirPath = "";
			projectRoot = "";
			targets = (
				B8EA9596282B91840063C7DE /* MoveApp */,
			);
		};
/* End PBXProject section */

/* Begin PBXResourcesBuildPhase section */
		B8EA9595282B91840063C7DE /* Resources */ = {
			isa = PBXResourcesBuildPhase;
			buildActionMask = 2147483647;
			files = (
				B8EA95A7282B91870063C7DE /* LaunchScreen.storyboard in Resources */,
				B8EA95A4282B91870063C7DE /* Assets.xcassets in Resources */,
			);
			runOnlyForDeploymentPostprocessing = 0;
		};
/* End PBXResourcesBuildPhase section */

/* Begin PBXSourcesBuildPhase section */
		B8EA9593282B91840063C7DE /* Sources */ = {
			isa = PBXSourcesBuildPhase;
			buildActionMask = 2147483647;
			files = (
				B817F922282D23EC00957949 /* FavouritesViewController.swift in Sources */,
				B817F933282D683C00957949 /* MovieCell.swift in Sources */,
				B817F93F282E7DB700957949 /* Movie.swift in Sources */,
				B8EA959F282B91840063C7DE /* MainViewController.swift in Sources */,
				B8EA959B282B91840063C7DE /* AppDelegate.swift in Sources */,
				B817F939282E2A4100957949 /* MainInteractor.swift in Sources */,
				B8BD2943283B64AF00DE3235 /* SeasonCellViewModel.swift in Sources */,
				B817F91C282CEF2100957949 /* TabBarController.swift in Sources */,
				B81341E0283CCE8D004BCEDC /* CreditCellViewModel.swift in Sources */,
				B8D94A292845F51100CD22D6 /* Box.swift in Sources */,
				B8EA95B3282B92190063C7DE /* NetworkManager.swift in Sources */,
				B8C80A9728303DAC001F0591 /* UICollectionView+Additions.swift in Sources */,
				B8C80A9C283045B9001F0591 /* MoviePresenter.swift in Sources */,
				B8DF80652838E07D0094011F /* ImageCellViewModel.swift in Sources */,
				B817F93B282E580A00957949 /* Configurator.swift in Sources */,
				B8C80A8C282F9AD6001F0591 /* MovieCellViewModel.swift in Sources */,
				B817F918282CD47100957949 /* CustomTabBar.swift in Sources */,
				B88CC1702832337A0058168C /* TVInteractor.swift in Sources */,
				B817F924282D241100957949 /* SearchViewController.swift in Sources */,
				B817F92B282D3FBD00957949 /* TabBarButton.swift in Sources */,
				B817F93D282E6EEF00957949 /* TV.swift in Sources */,
				B8C80A9528303BFF001F0591 /* MovieCollectionSection.swift in Sources */,
				B8EA95B0282B91AA0063C7DE /* Film.swift in Sources */,
				B8BD2948283B988700DE3235 /* EpisodeCellViewModel.swift in Sources */,
				B88CC169283059780058168C /* MovieSectionViewModel.swift in Sources */,
				B817F937282E294C00957949 /* MainPresenter.swift in Sources */,
				B817F927282D38FB00957949 /* UIView+Additions.swift in Sources */,
				B8727BCE28351DF900FE7B37 /* Router.swift in Sources */,
				B8DF80632838E0680094011F /* ImageCell.swift in Sources */,
				B8C80A9E283045CC001F0591 /* MovieInteractor.swift in Sources */,
				B88CC16E2832336D0058168C /* TVPresenter.swift in Sources */,
				B8727BCA2834ED1B00FE7B37 /* DetilPresenter.swift in Sources */,
				B81341DE283CCE7D004BCEDC /* CreditCell.swift in Sources */,
				B8BD2946283B987400DE3235 /* EpisodeCell.swift in Sources */,
				B81341E4283CFCE2004BCEDC /* BaseCollectionViewCell.swift in Sources */,
				B8BD2941283B640100DE3235 /* SeasonCell.swift in Sources */,
				B8EA959D282B91840063C7DE /* SceneDelegate.swift in Sources */,
				B817F929282D392600957949 /* UIStackView+Additions.swift in Sources */,
				B817F943282E8FDF00957949 /* UImageView+Additions.swift in Sources */,
				B8727BC82834ECC700FE7B37 /* DetailViewController.swift in Sources */,
				B8C80A8E282FD92E001F0591 /* MovieBigCell.swift in Sources */,
				B8D94A272844EF4300CD22D6 /* DataManager.swift in Sources */,
				B8C80A9928303E3C001F0591 /* BaseViewController.swift in Sources */,
				B8727BCC2834ED2A00FE7B37 /* DetailInteractor.swift in Sources */,
			);
			runOnlyForDeploymentPostprocessing = 0;
		};
/* End PBXSourcesBuildPhase section */

/* Begin PBXVariantGroup section */
		B8EA95A5282B91870063C7DE /* LaunchScreen.storyboard */ = {
			isa = PBXVariantGroup;
			children = (
				B8EA95A6282B91870063C7DE /* Base */,
			);
			name = LaunchScreen.storyboard;
			sourceTree = "<group>";
		};
/* End PBXVariantGroup section */

/* Begin XCBuildConfiguration section */
		B8EA95A9282B91870063C7DE /* Debug */ = {
			isa = XCBuildConfiguration;
			buildSettings = {
				ALWAYS_SEARCH_USER_PATHS = NO;
				CLANG_ANALYZER_NONNULL = YES;
				CLANG_ANALYZER_NUMBER_OBJECT_CONVERSION = YES_AGGRESSIVE;
				CLANG_CXX_LANGUAGE_STANDARD = "gnu++17";
				CLANG_ENABLE_MODULES = YES;
				CLANG_ENABLE_OBJC_ARC = YES;
				CLANG_ENABLE_OBJC_WEAK = YES;
				CLANG_WARN_BLOCK_CAPTURE_AUTORELEASING = YES;
				CLANG_WARN_BOOL_CONVERSION = YES;
				CLANG_WARN_COMMA = YES;
				CLANG_WARN_CONSTANT_CONVERSION = YES;
				CLANG_WARN_DEPRECATED_OBJC_IMPLEMENTATIONS = YES;
				CLANG_WARN_DIRECT_OBJC_ISA_USAGE = YES_ERROR;
				CLANG_WARN_DOCUMENTATION_COMMENTS = YES;
				CLANG_WARN_EMPTY_BODY = YES;
				CLANG_WARN_ENUM_CONVERSION = YES;
				CLANG_WARN_INFINITE_RECURSION = YES;
				CLANG_WARN_INT_CONVERSION = YES;
				CLANG_WARN_NON_LITERAL_NULL_CONVERSION = YES;
				CLANG_WARN_OBJC_IMPLICIT_RETAIN_SELF = YES;
				CLANG_WARN_OBJC_LITERAL_CONVERSION = YES;
				CLANG_WARN_OBJC_ROOT_CLASS = YES_ERROR;
				CLANG_WARN_QUOTED_INCLUDE_IN_FRAMEWORK_HEADER = YES;
				CLANG_WARN_RANGE_LOOP_ANALYSIS = YES;
				CLANG_WARN_STRICT_PROTOTYPES = YES;
				CLANG_WARN_SUSPICIOUS_MOVE = YES;
				CLANG_WARN_UNGUARDED_AVAILABILITY = YES_AGGRESSIVE;
				CLANG_WARN_UNREACHABLE_CODE = YES;
				CLANG_WARN__DUPLICATE_METHOD_MATCH = YES;
				COPY_PHASE_STRIP = NO;
				DEBUG_INFORMATION_FORMAT = dwarf;
				ENABLE_STRICT_OBJC_MSGSEND = YES;
				ENABLE_TESTABILITY = YES;
				GCC_C_LANGUAGE_STANDARD = gnu11;
				GCC_DYNAMIC_NO_PIC = NO;
				GCC_NO_COMMON_BLOCKS = YES;
				GCC_OPTIMIZATION_LEVEL = 0;
				GCC_PREPROCESSOR_DEFINITIONS = (
					"DEBUG=1",
					"$(inherited)",
				);
				GCC_WARN_64_TO_32_BIT_CONVERSION = YES;
				GCC_WARN_ABOUT_RETURN_TYPE = YES_ERROR;
				GCC_WARN_UNDECLARED_SELECTOR = YES;
				GCC_WARN_UNINITIALIZED_AUTOS = YES_AGGRESSIVE;
				GCC_WARN_UNUSED_FUNCTION = YES;
				GCC_WARN_UNUSED_VARIABLE = YES;
				IPHONEOS_DEPLOYMENT_TARGET = 15.4;
				MTL_ENABLE_DEBUG_INFO = INCLUDE_SOURCE;
				MTL_FAST_MATH = YES;
				ONLY_ACTIVE_ARCH = YES;
				SDKROOT = iphoneos;
				SWIFT_ACTIVE_COMPILATION_CONDITIONS = DEBUG;
				SWIFT_OPTIMIZATION_LEVEL = "-Onone";
			};
			name = Debug;
		};
		B8EA95AA282B91870063C7DE /* Release */ = {
			isa = XCBuildConfiguration;
			buildSettings = {
				ALWAYS_SEARCH_USER_PATHS = NO;
				CLANG_ANALYZER_NONNULL = YES;
				CLANG_ANALYZER_NUMBER_OBJECT_CONVERSION = YES_AGGRESSIVE;
				CLANG_CXX_LANGUAGE_STANDARD = "gnu++17";
				CLANG_ENABLE_MODULES = YES;
				CLANG_ENABLE_OBJC_ARC = YES;
				CLANG_ENABLE_OBJC_WEAK = YES;
				CLANG_WARN_BLOCK_CAPTURE_AUTORELEASING = YES;
				CLANG_WARN_BOOL_CONVERSION = YES;
				CLANG_WARN_COMMA = YES;
				CLANG_WARN_CONSTANT_CONVERSION = YES;
				CLANG_WARN_DEPRECATED_OBJC_IMPLEMENTATIONS = YES;
				CLANG_WARN_DIRECT_OBJC_ISA_USAGE = YES_ERROR;
				CLANG_WARN_DOCUMENTATION_COMMENTS = YES;
				CLANG_WARN_EMPTY_BODY = YES;
				CLANG_WARN_ENUM_CONVERSION = YES;
				CLANG_WARN_INFINITE_RECURSION = YES;
				CLANG_WARN_INT_CONVERSION = YES;
				CLANG_WARN_NON_LITERAL_NULL_CONVERSION = YES;
				CLANG_WARN_OBJC_IMPLICIT_RETAIN_SELF = YES;
				CLANG_WARN_OBJC_LITERAL_CONVERSION = YES;
				CLANG_WARN_OBJC_ROOT_CLASS = YES_ERROR;
				CLANG_WARN_QUOTED_INCLUDE_IN_FRAMEWORK_HEADER = YES;
				CLANG_WARN_RANGE_LOOP_ANALYSIS = YES;
				CLANG_WARN_STRICT_PROTOTYPES = YES;
				CLANG_WARN_SUSPICIOUS_MOVE = YES;
				CLANG_WARN_UNGUARDED_AVAILABILITY = YES_AGGRESSIVE;
				CLANG_WARN_UNREACHABLE_CODE = YES;
				CLANG_WARN__DUPLICATE_METHOD_MATCH = YES;
				COPY_PHASE_STRIP = NO;
				DEBUG_INFORMATION_FORMAT = "dwarf-with-dsym";
				ENABLE_NS_ASSERTIONS = NO;
				ENABLE_STRICT_OBJC_MSGSEND = YES;
				GCC_C_LANGUAGE_STANDARD = gnu11;
				GCC_NO_COMMON_BLOCKS = YES;
				GCC_WARN_64_TO_32_BIT_CONVERSION = YES;
				GCC_WARN_ABOUT_RETURN_TYPE = YES_ERROR;
				GCC_WARN_UNDECLARED_SELECTOR = YES;
				GCC_WARN_UNINITIALIZED_AUTOS = YES_AGGRESSIVE;
				GCC_WARN_UNUSED_FUNCTION = YES;
				GCC_WARN_UNUSED_VARIABLE = YES;
				IPHONEOS_DEPLOYMENT_TARGET = 15.4;
				MTL_ENABLE_DEBUG_INFO = NO;
				MTL_FAST_MATH = YES;
				SDKROOT = iphoneos;
				SWIFT_COMPILATION_MODE = wholemodule;
				SWIFT_OPTIMIZATION_LEVEL = "-O";
				VALIDATE_PRODUCT = YES;
			};
			name = Release;
		};
		B8EA95AC282B91870063C7DE /* Debug */ = {
			isa = XCBuildConfiguration;
			buildSettings = {
				ASSETCATALOG_COMPILER_APPICON_NAME = AppIcon;
				ASSETCATALOG_COMPILER_GLOBAL_ACCENT_COLOR_NAME = AccentColor;
				CODE_SIGN_STYLE = Automatic;
				CURRENT_PROJECT_VERSION = 1;
				DEVELOPMENT_TEAM = YCD8TAUA7N;
				GENERATE_INFOPLIST_FILE = YES;
				INFOPLIST_FILE = MoveApp/SupportingFiles/Info.plist;
				INFOPLIST_KEY_UIApplicationSupportsIndirectInputEvents = YES;
				INFOPLIST_KEY_UILaunchStoryboardName = LaunchScreen;
				INFOPLIST_KEY_UISupportedInterfaceOrientations_iPad = "UIInterfaceOrientationPortrait UIInterfaceOrientationPortraitUpsideDown UIInterfaceOrientationLandscapeLeft UIInterfaceOrientationLandscapeRight";
				INFOPLIST_KEY_UISupportedInterfaceOrientations_iPhone = "UIInterfaceOrientationPortrait UIInterfaceOrientationLandscapeLeft UIInterfaceOrientationLandscapeRight";
				LD_RUNPATH_SEARCH_PATHS = (
					"$(inherited)",
					"@executable_path/Frameworks",
				);
				MARKETING_VERSION = 1.0;
				PRODUCT_BUNDLE_IDENTIFIER = shevshelev.MoveApp;
				PRODUCT_NAME = "$(TARGET_NAME)";
				SWIFT_EMIT_LOC_STRINGS = YES;
				SWIFT_VERSION = 5.0;
				TARGETED_DEVICE_FAMILY = "1,2";
			};
			name = Debug;
		};
		B8EA95AD282B91870063C7DE /* Release */ = {
			isa = XCBuildConfiguration;
			buildSettings = {
				ASSETCATALOG_COMPILER_APPICON_NAME = AppIcon;
				ASSETCATALOG_COMPILER_GLOBAL_ACCENT_COLOR_NAME = AccentColor;
				CODE_SIGN_STYLE = Automatic;
				CURRENT_PROJECT_VERSION = 1;
				DEVELOPMENT_TEAM = YCD8TAUA7N;
				GENERATE_INFOPLIST_FILE = YES;
				INFOPLIST_FILE = MoveApp/SupportingFiles/Info.plist;
				INFOPLIST_KEY_UIApplicationSupportsIndirectInputEvents = YES;
				INFOPLIST_KEY_UILaunchStoryboardName = LaunchScreen;
				INFOPLIST_KEY_UISupportedInterfaceOrientations_iPad = "UIInterfaceOrientationPortrait UIInterfaceOrientationPortraitUpsideDown UIInterfaceOrientationLandscapeLeft UIInterfaceOrientationLandscapeRight";
				INFOPLIST_KEY_UISupportedInterfaceOrientations_iPhone = "UIInterfaceOrientationPortrait UIInterfaceOrientationLandscapeLeft UIInterfaceOrientationLandscapeRight";
				LD_RUNPATH_SEARCH_PATHS = (
					"$(inherited)",
					"@executable_path/Frameworks",
				);
				MARKETING_VERSION = 1.0;
				PRODUCT_BUNDLE_IDENTIFIER = shevshelev.MoveApp;
				PRODUCT_NAME = "$(TARGET_NAME)";
				SWIFT_EMIT_LOC_STRINGS = YES;
				SWIFT_VERSION = 5.0;
				TARGETED_DEVICE_FAMILY = "1,2";
			};
			name = Release;
		};
/* End XCBuildConfiguration section */

/* Begin XCConfigurationList section */
		B8EA9592282B91840063C7DE /* Build configuration list for PBXProject "MoveApp" */ = {
			isa = XCConfigurationList;
			buildConfigurations = (
				B8EA95A9282B91870063C7DE /* Debug */,
				B8EA95AA282B91870063C7DE /* Release */,
			);
			defaultConfigurationIsVisible = 0;
			defaultConfigurationName = Release;
		};
		B8EA95AB282B91870063C7DE /* Build configuration list for PBXNativeTarget "MoveApp" */ = {
			isa = XCConfigurationList;
			buildConfigurations = (
				B8EA95AC282B91870063C7DE /* Debug */,
				B8EA95AD282B91870063C7DE /* Release */,
			);
			defaultConfigurationIsVisible = 0;
			defaultConfigurationName = Release;
		};
/* End XCConfigurationList section */
	};
	rootObject = B8EA958F282B91840063C7DE /* Project object */;
}
